
Microsoft Visual Studio Solution File, Format Version 12.00
# Visual Studio Version 17
VisualStudioVersion = 17.8.34330.188
MinimumVisualStudioVersion = 10.0.40219.1
Project("{9A19103F-16F7-4668-BE54-9A1E7A4F7556}") = "PopularSports.SurveyApp.WebAPI", "PopularSports.SurveyApp.WebAPI\PopularSports.SurveyApp.WebAPI.csproj", "{9525C40F-6C5C-406B-91D0-F63F58446F6D}"
EndProject
Project("{FAE04EC0-301F-11D3-BF4B-00C04F79EFBC}") = "PopularSports.SurveyApp.Web", "PopularSports.SurveyApp.Web\PopularSports.SurveyApp.Web.csproj", "{BDADA2C4-2AFA-4833-838D-F9768A6B49F2}"
EndProject
Global
	GlobalSection(SolutionConfigurationPlatforms) = preSolution
		Debug|Any CPU = Debug|Any CPU
		Release|Any CPU = Release|Any CPU
	EndGlobalSection
	GlobalSection(ProjectConfigurationPlatforms) = postSolution
		{9525C40F-6C5C-406B-91D0-F63F58446F6D}.Debug|Any CPU.ActiveCfg = Debug|Any CPU
		{9525C40F-6C5C-406B-91D0-F63F58446F6D}.Debug|Any CPU.Build.0 = Debug|Any CPU
		{9525C40F-6C5C-406B-91D0-F63F58446F6D}.Release|Any CPU.ActiveCfg = Release|Any CPU
		{9525C40F-6C5C-406B-91D0-F63F58446F6D}.Release|Any CPU.Build.0 = Release|Any CPU
		{BDADA2C4-2AFA-4833-838D-F9768A6B49F2}.Debug|Any CPU.ActiveCfg = Debug|Any CPU
		{BDADA2C4-2AFA-4833-838D-F9768A6B49F2}.Debug|Any CPU.Build.0 = Debug|Any CPU
		{BDADA2C4-2AFA-4833-838D-F9768A6B49F2}.Release|Any CPU.ActiveCfg = Release|Any CPU
		{BDADA2C4-2AFA-4833-838D-F9768A6B49F2}.Release|Any CPU.Build.0 = Release|Any CPU
	EndGlobalSection
	GlobalSection(SolutionProperties) = preSolution
		HideSolutionNode = FALSE
	EndGlobalSection
	GlobalSection(ExtensibilityGlobals) = postSolution
		SolutionGuid = {CA15E205-8E75-4D8A-89DC-63210F1624B8}
	EndGlobalSection
EndGlobal
